<Solution>
  <Configurations>
    <Platform Name="Any CPU" />
    <Platform Name="arm64" />
    <Platform Name="x86" />
  </Configurations>
  <Project Path="Snippet Tool 2026/Snippet Tool 2026.vbproj" Id="82fa293a-3340-4d2c-9cee-80f5833c3f0b">
    <Platform Solution="*|arm64" Project="arm64" />
    <Platform Solution="*|x86" Project="x86" />
  </Project>
</Solution>
